
Microsoft Visual Studio Solution File, Format Version 12.00
# Visual Studio Version 17
VisualStudioVersion = 17.10.34928.147
MinimumVisualStudioVersion = 10.0.40219.1
Project("{2150E333-8FDC-42A3-9474-1A3956D46DE8}") = "src", "src", "{E05A420A-E44E-4558-B4E3-CA3768A7B7EA}"
EndProject
Project("{2150E333-8FDC-42A3-9474-1A3956D46DE8}") = "BackEnd", "BackEnd", "{C578C6C3-B9E7-4C62-9A99-58B0B369AD3C}"
EndProject
Project("{2150E333-8FDC-42A3-9474-1A3956D46DE8}") = "Common", "Common", "{1F7F267D-323E-4251-BF82-8354F52C7607}"
EndProject
Project("{2150E333-8FDC-42A3-9474-1A3956D46DE8}") = "Infraestructure", "Infraestructure", "{B6FFFD70-909E-4533-AE7B-5049161AA00D}"
EndProject
Project("{2150E333-8FDC-42A3-9474-1A3956D46DE8}") = "Modules", "Modules", "{EA5DBD6E-E38C-4185-94DC-7E8C0CA66643}"
EndProject
Project("{2150E333-8FDC-42A3-9474-1A3956D46DE8}") = "EstadoHabitacion Management", "EstadoHabitacion Management", "{F8B25DB7-A390-40B7-9B09-2BF248687E82}"
EndProject
Project("{2150E333-8FDC-42A3-9474-1A3956D46DE8}") = "Habitacion Management", "Habitacion Management", "{26434DF7-6807-4DDF-8FBF-FBC40C1B04B7}"
EndProject
Project("{2150E333-8FDC-42A3-9474-1A3956D46DE8}") = "Apis", "Apis", "{B91D0862-9C91-44B4-BA1A-4B7F669510C9}"
EndProject
Project("{2150E333-8FDC-42A3-9474-1A3956D46DE8}") = "Application", "Application", "{1FB8B8E8-7260-4331-88B7-2792722082BA}"
EndProject
Project("{2150E333-8FDC-42A3-9474-1A3956D46DE8}") = "Domain", "Domain", "{9D5EE8EB-9F38-47A8-8181-39E96013A942}"
EndProject
Project("{2150E333-8FDC-42A3-9474-1A3956D46DE8}") = "Persistance", "Persistance", "{BA93D24A-0B1B-46A4-9E1A-E357A0A2A54A}"
EndProject
Project("{2150E333-8FDC-42A3-9474-1A3956D46DE8}") = "Apis", "Apis", "{69601CE3-D3FA-4945-BE33-BD3389145AE1}"
EndProject
Project("{2150E333-8FDC-42A3-9474-1A3956D46DE8}") = "Application", "Application", "{92A8F28D-B60D-4F13-BD01-9E867F4B2D63}"
EndProject
Project("{2150E333-8FDC-42A3-9474-1A3956D46DE8}") = "Domain", "Domain", "{3BFC30C5-7080-470D-ABC0-1F3BDF580AAA}"
EndProject
Project("{2150E333-8FDC-42A3-9474-1A3956D46DE8}") = "Persistance", "Persistance", "{7AC4609E-879B-43EE-AAEF-3C703AF0F352}"
EndProject
Project("{2150E333-8FDC-42A3-9474-1A3956D46DE8}") = "FrontEnd", "FrontEnd", "{71B86C13-D6B3-46D2-B0FE-599E9A367286}"
EndProject
Project("{9A19103F-16F7-4668-BE54-9A1E7A4F7556}") = "Hotel.Common.Data", "Hotel.Common.Data\Hotel.Common.Data.csproj", "{407EA10F-371D-462C-AE4E-464E287A74F9}"
EndProject
Project("{9A19103F-16F7-4668-BE54-9A1E7A4F7556}") = "Hotel.Infraestructure", "Hotel.Infraestructure\Hotel.Infraestructure.csproj", "{513B5BB7-8B24-4E79-AA21-38A1A5119447}"
EndProject
Project("{9A19103F-16F7-4668-BE54-9A1E7A4F7556}") = "Hotel.EstadoHabitacion.Api", "Hotel.EstadoHabitacion.Api\Hotel.EstadoHabitacion.Api.csproj", "{06E7BE1D-BECA-4B8E-BAD7-78C6262E1CAB}"
EndProject
Project("{9A19103F-16F7-4668-BE54-9A1E7A4F7556}") = "Hotel.EstadoHabitacion.Application", "Hotel.EstadoHabitacion.Application\Hotel.EstadoHabitacion.Application.csproj", "{49EDB391-813C-461C-A1AB-0AAF858C24DB}"
EndProject
Project("{9A19103F-16F7-4668-BE54-9A1E7A4F7556}") = "Hotel.habitacion.Apis", "Hotel.habitacion.Apis\Hotel.habitacion.Apis.csproj", "{85610F8A-5989-44CF-BC1F-C1A97F3C3B6C}"
EndProject
Project("{9A19103F-16F7-4668-BE54-9A1E7A4F7556}") = "Hotel.Habitacion.Application", "Hotel.Habitacion.Application\Hotel.Habitacion.Application.csproj", "{E630760C-879C-43BE-9815-F55A23760CD1}"
EndProject
Project("{9A19103F-16F7-4668-BE54-9A1E7A4F7556}") = "Hotel.EstadoHabitacion.Domain", "Hotel.EstadoHabitacion.Domain\Hotel.EstadoHabitacion.Domain.csproj", "{DD284A6B-300B-483C-B3EE-BF4097BFC433}"
EndProject
Project("{9A19103F-16F7-4668-BE54-9A1E7A4F7556}") = "Hotel.Habitacion.Domain", "Hotel.Habitacion.Domain\Hotel.Habitacion.Domain.csproj", "{9A9BD94E-0C85-49B6-9000-F44F7E9C99E1}"
EndProject
Project("{9A19103F-16F7-4668-BE54-9A1E7A4F7556}") = "Hotel.EstadoHabitacion.Persistance", "Hotel.EstadoHabitacion.Persistance\Hotel.EstadoHabitacion.Persistance.csproj", "{93ED2E58-8E45-4FA8-8DC6-499A5C95D8E1}"
EndProject
Project("{9A19103F-16F7-4668-BE54-9A1E7A4F7556}") = "Hotel.Habitacion.Persistance", "Hotel.Habitacion.Persistance\Hotel.Habitacion.Persistance.csproj", "{6F1460F2-F17E-49ED-BE34-BEBC45EFFA6D}"
EndProject
Project("{2150E333-8FDC-42A3-9474-1A3956D46DE8}") = "IOC", "IOC", "{3C9EE0C4-2860-48C4-8DDF-DAD3A38E7640}"
EndProject
Project("{FAE04EC0-301F-11D3-BF4B-00C04F79EFBC}") = "Hotel.EstadoHabitacion.IOC", "Hotel.EstadoHabitacion.IOC\Hotel.EstadoHabitacion.IOC.csproj", "{D751D746-C656-464D-B93D-48B2B583E0D0}"
EndProject
Global
	GlobalSection(SolutionConfigurationPlatforms) = preSolution
		Debug|Any CPU = Debug|Any CPU
		Release|Any CPU = Release|Any CPU
	EndGlobalSection
	GlobalSection(ProjectConfigurationPlatforms) = postSolution
		{407EA10F-371D-462C-AE4E-464E287A74F9}.Debug|Any CPU.ActiveCfg = Debug|Any CPU
		{407EA10F-371D-462C-AE4E-464E287A74F9}.Debug|Any CPU.Build.0 = Debug|Any CPU
		{407EA10F-371D-462C-AE4E-464E287A74F9}.Release|Any CPU.ActiveCfg = Release|Any CPU
		{407EA10F-371D-462C-AE4E-464E287A74F9}.Release|Any CPU.Build.0 = Release|Any CPU
		{513B5BB7-8B24-4E79-AA21-38A1A5119447}.Debug|Any CPU.ActiveCfg = Debug|Any CPU
		{513B5BB7-8B24-4E79-AA21-38A1A5119447}.Debug|Any CPU.Build.0 = Debug|Any CPU
		{513B5BB7-8B24-4E79-AA21-38A1A5119447}.Release|Any CPU.ActiveCfg = Release|Any CPU
		{513B5BB7-8B24-4E79-AA21-38A1A5119447}.Release|Any CPU.Build.0 = Release|Any CPU
		{06E7BE1D-BECA-4B8E-BAD7-78C6262E1CAB}.Debug|Any CPU.ActiveCfg = Debug|Any CPU
		{06E7BE1D-BECA-4B8E-BAD7-78C6262E1CAB}.Debug|Any CPU.Build.0 = Debug|Any CPU
		{06E7BE1D-BECA-4B8E-BAD7-78C6262E1CAB}.Release|Any CPU.ActiveCfg = Release|Any CPU
		{06E7BE1D-BECA-4B8E-BAD7-78C6262E1CAB}.Release|Any CPU.Build.0 = Release|Any CPU
		{49EDB391-813C-461C-A1AB-0AAF858C24DB}.Debug|Any CPU.ActiveCfg = Debug|Any CPU
		{49EDB391-813C-461C-A1AB-0AAF858C24DB}.Debug|Any CPU.Build.0 = Debug|Any CPU
		{49EDB391-813C-461C-A1AB-0AAF858C24DB}.Release|Any CPU.ActiveCfg = Release|Any CPU
		{49EDB391-813C-461C-A1AB-0AAF858C24DB}.Release|Any CPU.Build.0 = Release|Any CPU
		{85610F8A-5989-44CF-BC1F-C1A97F3C3B6C}.Debug|Any CPU.ActiveCfg = Debug|Any CPU
		{85610F8A-5989-44CF-BC1F-C1A97F3C3B6C}.Debug|Any CPU.Build.0 = Debug|Any CPU
		{85610F8A-5989-44CF-BC1F-C1A97F3C3B6C}.Release|Any CPU.ActiveCfg = Release|Any CPU
		{85610F8A-5989-44CF-BC1F-C1A97F3C3B6C}.Release|Any CPU.Build.0 = Release|Any CPU
		{E630760C-879C-43BE-9815-F55A23760CD1}.Debug|Any CPU.ActiveCfg = Debug|Any CPU
		{E630760C-879C-43BE-9815-F55A23760CD1}.Debug|Any CPU.Build.0 = Debug|Any CPU
		{E630760C-879C-43BE-9815-F55A23760CD1}.Release|Any CPU.ActiveCfg = Release|Any CPU
		{E630760C-879C-43BE-9815-F55A23760CD1}.Release|Any CPU.Build.0 = Release|Any CPU
		{DD284A6B-300B-483C-B3EE-BF4097BFC433}.Debug|Any CPU.ActiveCfg = Debug|Any CPU
		{DD284A6B-300B-483C-B3EE-BF4097BFC433}.Debug|Any CPU.Build.0 = Debug|Any CPU
		{DD284A6B-300B-483C-B3EE-BF4097BFC433}.Release|Any CPU.ActiveCfg = Release|Any CPU
		{DD284A6B-300B-483C-B3EE-BF4097BFC433}.Release|Any CPU.Build.0 = Release|Any CPU
		{9A9BD94E-0C85-49B6-9000-F44F7E9C99E1}.Debug|Any CPU.ActiveCfg = Debug|Any CPU
		{9A9BD94E-0C85-49B6-9000-F44F7E9C99E1}.Debug|Any CPU.Build.0 = Debug|Any CPU
		{9A9BD94E-0C85-49B6-9000-F44F7E9C99E1}.Release|Any CPU.ActiveCfg = Release|Any CPU
		{9A9BD94E-0C85-49B6-9000-F44F7E9C99E1}.Release|Any CPU.Build.0 = Release|Any CPU
		{93ED2E58-8E45-4FA8-8DC6-499A5C95D8E1}.Debug|Any CPU.ActiveCfg = Debug|Any CPU
		{93ED2E58-8E45-4FA8-8DC6-499A5C95D8E1}.Debug|Any CPU.Build.0 = Debug|Any CPU
		{93ED2E58-8E45-4FA8-8DC6-499A5C95D8E1}.Release|Any CPU.ActiveCfg = Release|Any CPU
		{93ED2E58-8E45-4FA8-8DC6-499A5C95D8E1}.Release|Any CPU.Build.0 = Release|Any CPU
		{6F1460F2-F17E-49ED-BE34-BEBC45EFFA6D}.Debug|Any CPU.ActiveCfg = Debug|Any CPU
		{6F1460F2-F17E-49ED-BE34-BEBC45EFFA6D}.Debug|Any CPU.Build.0 = Debug|Any CPU
		{6F1460F2-F17E-49ED-BE34-BEBC45EFFA6D}.Release|Any CPU.ActiveCfg = Release|Any CPU
		{6F1460F2-F17E-49ED-BE34-BEBC45EFFA6D}.Release|Any CPU.Build.0 = Release|Any CPU
		{D751D746-C656-464D-B93D-48B2B583E0D0}.Debug|Any CPU.ActiveCfg = Debug|Any CPU
		{D751D746-C656-464D-B93D-48B2B583E0D0}.Debug|Any CPU.Build.0 = Debug|Any CPU
		{D751D746-C656-464D-B93D-48B2B583E0D0}.Release|Any CPU.ActiveCfg = Release|Any CPU
		{D751D746-C656-464D-B93D-48B2B583E0D0}.Release|Any CPU.Build.0 = Release|Any CPU
	EndGlobalSection
	GlobalSection(SolutionProperties) = preSolution
		HideSolutionNode = FALSE
	EndGlobalSection
	GlobalSection(NestedProjects) = preSolution
		{C578C6C3-B9E7-4C62-9A99-58B0B369AD3C} = {E05A420A-E44E-4558-B4E3-CA3768A7B7EA}
		{1F7F267D-323E-4251-BF82-8354F52C7607} = {C578C6C3-B9E7-4C62-9A99-58B0B369AD3C}
		{B6FFFD70-909E-4533-AE7B-5049161AA00D} = {C578C6C3-B9E7-4C62-9A99-58B0B369AD3C}
		{EA5DBD6E-E38C-4185-94DC-7E8C0CA66643} = {C578C6C3-B9E7-4C62-9A99-58B0B369AD3C}
		{F8B25DB7-A390-40B7-9B09-2BF248687E82} = {EA5DBD6E-E38C-4185-94DC-7E8C0CA66643}
		{26434DF7-6807-4DDF-8FBF-FBC40C1B04B7} = {EA5DBD6E-E38C-4185-94DC-7E8C0CA66643}
		{B91D0862-9C91-44B4-BA1A-4B7F669510C9} = {26434DF7-6807-4DDF-8FBF-FBC40C1B04B7}
		{1FB8B8E8-7260-4331-88B7-2792722082BA} = {26434DF7-6807-4DDF-8FBF-FBC40C1B04B7}
		{9D5EE8EB-9F38-47A8-8181-39E96013A942} = {26434DF7-6807-4DDF-8FBF-FBC40C1B04B7}
		{BA93D24A-0B1B-46A4-9E1A-E357A0A2A54A} = {26434DF7-6807-4DDF-8FBF-FBC40C1B04B7}
		{69601CE3-D3FA-4945-BE33-BD3389145AE1} = {F8B25DB7-A390-40B7-9B09-2BF248687E82}
		{92A8F28D-B60D-4F13-BD01-9E867F4B2D63} = {F8B25DB7-A390-40B7-9B09-2BF248687E82}
		{3BFC30C5-7080-470D-ABC0-1F3BDF580AAA} = {F8B25DB7-A390-40B7-9B09-2BF248687E82}
		{7AC4609E-879B-43EE-AAEF-3C703AF0F352} = {F8B25DB7-A390-40B7-9B09-2BF248687E82}
		{71B86C13-D6B3-46D2-B0FE-599E9A367286} = {E05A420A-E44E-4558-B4E3-CA3768A7B7EA}
		{407EA10F-371D-462C-AE4E-464E287A74F9} = {1F7F267D-323E-4251-BF82-8354F52C7607}
		{513B5BB7-8B24-4E79-AA21-38A1A5119447} = {B6FFFD70-909E-4533-AE7B-5049161AA00D}
		{06E7BE1D-BECA-4B8E-BAD7-78C6262E1CAB} = {69601CE3-D3FA-4945-BE33-BD3389145AE1}
		{49EDB391-813C-461C-A1AB-0AAF858C24DB} = {92A8F28D-B60D-4F13-BD01-9E867F4B2D63}
		{85610F8A-5989-44CF-BC1F-C1A97F3C3B6C} = {B91D0862-9C91-44B4-BA1A-4B7F669510C9}
		{E630760C-879C-43BE-9815-F55A23760CD1} = {1FB8B8E8-7260-4331-88B7-2792722082BA}
		{DD284A6B-300B-483C-B3EE-BF4097BFC433} = {3BFC30C5-7080-470D-ABC0-1F3BDF580AAA}
		{9A9BD94E-0C85-49B6-9000-F44F7E9C99E1} = {9D5EE8EB-9F38-47A8-8181-39E96013A942}
		{93ED2E58-8E45-4FA8-8DC6-499A5C95D8E1} = {7AC4609E-879B-43EE-AAEF-3C703AF0F352}
		{6F1460F2-F17E-49ED-BE34-BEBC45EFFA6D} = {BA93D24A-0B1B-46A4-9E1A-E357A0A2A54A}
		{3C9EE0C4-2860-48C4-8DDF-DAD3A38E7640} = {F8B25DB7-A390-40B7-9B09-2BF248687E82}
		{D751D746-C656-464D-B93D-48B2B583E0D0} = {3C9EE0C4-2860-48C4-8DDF-DAD3A38E7640}
	EndGlobalSection
	GlobalSection(ExtensibilityGlobals) = postSolution
		SolutionGuid = {A18F2325-0488-49AD-814D-19FBD45703DC}
	EndGlobalSection
EndGlobal
